
Microsoft Visual Studio Solution File, Format Version 12.00
# Visual Studio Version 16
VisualStudioVersion = 16.0.29411.108
MinimumVisualStudioVersion = 10.0.40219.1
Project("{FAE04EC0-301F-11D3-BF4B-00C04F79EFBC}") = "VAR", "VAR.csproj", "{D5A1A0F9-C841-4E91-84F3-39FB1C22FA0C}"
EndProject
Global
	GlobalSection(SolutionConfigurationPlatforms) = preSolution
		Debug|Any CPU = Debug|Any CPU
		Release|Any CPU = Release|Any CPU
	EndGlobalSection
	GlobalSection(ProjectConfigurationPlatforms) = postSolution
		{D5A1A0F9-C841-4E91-84F3-39FB1C22FA0C}.Debug|Any CPU.ActiveCfg = Debug|Any CPU
		{D5A1A0F9-C841-4E91-84F3-39FB1C22FA0C}.Debug|Any CPU.Build.0 = Debug|Any CPU
		{D5A1A0F9-C841-4E91-84F3-39FB1C22FA0C}.Release|Any CPU.ActiveCfg = Release|Any CPU
		{D5A1A0F9-C841-4E91-84F3-39FB1C22FA0C}.Release|Any CPU.Build.0 = Release|Any CPU
	EndGlobalSection
	GlobalSection(SolutionProperties) = preSolution
		HideSolutionNode = FALSE
	EndGlobalSection
	GlobalSection(ExtensibilityGlobals) = postSolution
		SolutionGuid = {36B762A8-9467-4119-B423-346B528C7553}
	EndGlobalSection
EndGlobal
