
Microsoft Visual Studio Solution File, Format Version 12.00
# Visual Studio Version 16
VisualStudioVersion = 16.0.29411.108
MinimumVisualStudioVersion = 10.0.40219.1
Project("{FAE04EC0-301F-11D3-BF4B-00C04F79EFBC}") = "WebServices", "WebServices.csproj", "{3BF2E1E9-9FEF-45F8-9877-FD8E38B1D344}"
EndProject
Global
	GlobalSection(SolutionConfigurationPlatforms) = preSolution
		Debug|Any CPU = Debug|Any CPU
		Release|Any CPU = Release|Any CPU
	EndGlobalSection
	GlobalSection(ProjectConfigurationPlatforms) = postSolution
		{3BF2E1E9-9FEF-45F8-9877-FD8E38B1D344}.Debug|Any CPU.ActiveCfg = Debug|Any CPU
		{3BF2E1E9-9FEF-45F8-9877-FD8E38B1D344}.Debug|Any CPU.Build.0 = Debug|Any CPU
		{3BF2E1E9-9FEF-45F8-9877-FD8E38B1D344}.Release|Any CPU.ActiveCfg = Release|Any CPU
		{3BF2E1E9-9FEF-45F8-9877-FD8E38B1D344}.Release|Any CPU.Build.0 = Release|Any CPU
	EndGlobalSection
	GlobalSection(SolutionProperties) = preSolution
		HideSolutionNode = FALSE
	EndGlobalSection
	GlobalSection(ExtensibilityGlobals) = postSolution
		SolutionGuid = {2AD3AD2D-1A19-43A8-AB7F-147F64EDE199}
	EndGlobalSection
EndGlobal
